
Microsoft Visual Studio Solution File, Format Version 12.00
# Visual Studio 15
VisualStudioVersion = 15.0.27130.2027
MinimumVisualStudioVersion = 10.0.40219.1
Project("{9A19103F-16F7-4668-BE54-9A1E7A4F7556}") = "TelesCoin.BlockChain", "TelesCoin.BlockChain\TelesCoin.BlockChain.csproj", "{5C3B8000-A454-41DE-B9DB-8F1A4CC1385E}"
EndProject
Project("{FAE04EC0-301F-11D3-BF4B-00C04F79EFBC}") = "TelesCoin.Test", "TelesCoin.Test\TelesCoin.Test.csproj", "{9CCC3F6A-B085-4451-BE45-BD710185155B}"
EndProject
Global
	GlobalSection(SolutionConfigurationPlatforms) = preSolution
		Debug|Any CPU = Debug|Any CPU
		Release|Any CPU = Release|Any CPU
	EndGlobalSection
	GlobalSection(ProjectConfigurationPlatforms) = postSolution
		{5C3B8000-A454-41DE-B9DB-8F1A4CC1385E}.Debug|Any CPU.ActiveCfg = Debug|Any CPU
		{5C3B8000-A454-41DE-B9DB-8F1A4CC1385E}.Debug|Any CPU.Build.0 = Debug|Any CPU
		{5C3B8000-A454-41DE-B9DB-8F1A4CC1385E}.Release|Any CPU.ActiveCfg = Release|Any CPU
		{5C3B8000-A454-41DE-B9DB-8F1A4CC1385E}.Release|Any CPU.Build.0 = Release|Any CPU
		{9CCC3F6A-B085-4451-BE45-BD710185155B}.Debug|Any CPU.ActiveCfg = Debug|Any CPU
		{9CCC3F6A-B085-4451-BE45-BD710185155B}.Debug|Any CPU.Build.0 = Debug|Any CPU
		{9CCC3F6A-B085-4451-BE45-BD710185155B}.Release|Any CPU.ActiveCfg = Release|Any CPU
		{9CCC3F6A-B085-4451-BE45-BD710185155B}.Release|Any CPU.Build.0 = Release|Any CPU
	EndGlobalSection
	GlobalSection(SolutionProperties) = preSolution
		HideSolutionNode = FALSE
	EndGlobalSection
	GlobalSection(ExtensibilityGlobals) = postSolution
		SolutionGuid = {EBFD3178-4A2A-4928-8C81-35460398FF81}
	EndGlobalSection
EndGlobal
